
Microsoft Visual Studio Solution File, Format Version 12.00
# Visual Studio Version 17
VisualStudioVersion = 17.12.35514.174
MinimumVisualStudioVersion = 10.0.40219.1
Project("{FAE04EC0-301F-11D3-BF4B-00C04F79EFBC}") = "DemoO", "DemoO\DemoO.csproj", "{22D9ADB3-F0D4-4E45-8F1A-A8820552C19E}"
EndProject
Project("{FAE04EC0-301F-11D3-BF4B-00C04F79EFBC}") = "WinFormsAppOne", "WinFormsAppOne\WinFormsAppOne.csproj", "{A5E28F63-C308-43C1-866D-55970CCF69E0}"
EndProject
Project("{FAE04EC0-301F-11D3-BF4B-00C04F79EFBC}") = "DemoTwo", "DemoTwo\DemoTwo.csproj", "{D63A4A1D-7AFF-411B-BD22-FDE0E30A2282}"
EndProject
Project("{FAE04EC0-301F-11D3-BF4B-00C04F79EFBC}") = "DemoBook", "DemoBook\DemoBook.csproj", "{3213BE65-9E22-4EC5-A97F-A62188E72380}"
EndProject
Project("{FAE04EC0-301F-11D3-BF4B-00C04F79EFBC}") = "DemoTrade", "DemoTrade\DemoTrade.csproj", "{A2AA0E73-0E60-46C1-9C60-837BB87CE6AD}"
EndProject
Global
	GlobalSection(SolutionConfigurationPlatforms) = preSolution
		Debug|Any CPU = Debug|Any CPU
		Release|Any CPU = Release|Any CPU
	EndGlobalSection
	GlobalSection(ProjectConfigurationPlatforms) = postSolution
		{22D9ADB3-F0D4-4E45-8F1A-A8820552C19E}.Debug|Any CPU.ActiveCfg = Debug|Any CPU
		{22D9ADB3-F0D4-4E45-8F1A-A8820552C19E}.Debug|Any CPU.Build.0 = Debug|Any CPU
		{22D9ADB3-F0D4-4E45-8F1A-A8820552C19E}.Release|Any CPU.ActiveCfg = Release|Any CPU
		{22D9ADB3-F0D4-4E45-8F1A-A8820552C19E}.Release|Any CPU.Build.0 = Release|Any CPU
		{A5E28F63-C308-43C1-866D-55970CCF69E0}.Debug|Any CPU.ActiveCfg = Debug|Any CPU
		{A5E28F63-C308-43C1-866D-55970CCF69E0}.Debug|Any CPU.Build.0 = Debug|Any CPU
		{A5E28F63-C308-43C1-866D-55970CCF69E0}.Release|Any CPU.ActiveCfg = Release|Any CPU
		{A5E28F63-C308-43C1-866D-55970CCF69E0}.Release|Any CPU.Build.0 = Release|Any CPU
		{D63A4A1D-7AFF-411B-BD22-FDE0E30A2282}.Debug|Any CPU.ActiveCfg = Debug|Any CPU
		{D63A4A1D-7AFF-411B-BD22-FDE0E30A2282}.Debug|Any CPU.Build.0 = Debug|Any CPU
		{D63A4A1D-7AFF-411B-BD22-FDE0E30A2282}.Release|Any CPU.ActiveCfg = Release|Any CPU
		{D63A4A1D-7AFF-411B-BD22-FDE0E30A2282}.Release|Any CPU.Build.0 = Release|Any CPU
		{3213BE65-9E22-4EC5-A97F-A62188E72380}.Debug|Any CPU.ActiveCfg = Debug|Any CPU
		{3213BE65-9E22-4EC5-A97F-A62188E72380}.Debug|Any CPU.Build.0 = Debug|Any CPU
		{3213BE65-9E22-4EC5-A97F-A62188E72380}.Release|Any CPU.ActiveCfg = Release|Any CPU
		{3213BE65-9E22-4EC5-A97F-A62188E72380}.Release|Any CPU.Build.0 = Release|Any CPU
		{A2AA0E73-0E60-46C1-9C60-837BB87CE6AD}.Debug|Any CPU.ActiveCfg = Debug|Any CPU
		{A2AA0E73-0E60-46C1-9C60-837BB87CE6AD}.Debug|Any CPU.Build.0 = Debug|Any CPU
		{A2AA0E73-0E60-46C1-9C60-837BB87CE6AD}.Release|Any CPU.ActiveCfg = Release|Any CPU
		{A2AA0E73-0E60-46C1-9C60-837BB87CE6AD}.Release|Any CPU.Build.0 = Release|Any CPU
	EndGlobalSection
	GlobalSection(SolutionProperties) = preSolution
		HideSolutionNode = FALSE
	EndGlobalSection
EndGlobal
